
Microsoft Visual Studio Solution File, Format Version 12.00
# Visual Studio 14
VisualStudioVersion = 14.0.25420.1
MinimumVisualStudioVersion = 10.0.40219.1
Project("{FAE04EC0-301F-11D3-BF4B-00C04F79EFBC}") = "BankAccount", "BankAccount\BankAccount.csproj", "{48EF44B7-409B-49B3-AC0D-120A05313B20}"
EndProject
Project("{FAE04EC0-301F-11D3-BF4B-00C04F79EFBC}") = "BankAccountTests", "BankAccountTests\BankAccountTests.csproj", "{A1824E50-8C2B-44DD-9F1A-643632A74F14}"
EndProject
Global
	GlobalSection(SolutionConfigurationPlatforms) = preSolution
		Debug|Any CPU = Debug|Any CPU
		Release|Any CPU = Release|Any CPU
	EndGlobalSection
	GlobalSection(ProjectConfigurationPlatforms) = postSolution
		{48EF44B7-409B-49B3-AC0D-120A05313B20}.Debug|Any CPU.ActiveCfg = Debug|Any CPU
		{48EF44B7-409B-49B3-AC0D-120A05313B20}.Debug|Any CPU.Build.0 = Debug|Any CPU
		{48EF44B7-409B-49B3-AC0D-120A05313B20}.Release|Any CPU.ActiveCfg = Release|Any CPU
		{48EF44B7-409B-49B3-AC0D-120A05313B20}.Release|Any CPU.Build.0 = Release|Any CPU
		{A1824E50-8C2B-44DD-9F1A-643632A74F14}.Debug|Any CPU.ActiveCfg = Debug|Any CPU
		{A1824E50-8C2B-44DD-9F1A-643632A74F14}.Debug|Any CPU.Build.0 = Debug|Any CPU
		{A1824E50-8C2B-44DD-9F1A-643632A74F14}.Release|Any CPU.ActiveCfg = Release|Any CPU
		{A1824E50-8C2B-44DD-9F1A-643632A74F14}.Release|Any CPU.Build.0 = Release|Any CPU
	EndGlobalSection
	GlobalSection(SolutionProperties) = preSolution
		HideSolutionNode = FALSE
	EndGlobalSection
EndGlobal
